
Microsoft Visual Studio Solution File, Format Version 12.00
# Visual Studio Version 16
VisualStudioVersion = 16.0.28902.138
MinimumVisualStudioVersion = 10.0.40219.1
Project("{2150E333-8FDC-42A3-9474-1A3956D46DE8}") = "src", "src", "{0B7E8897-6367-4A59-8A19-AAC08633018E}"
EndProject
Project("{9A19103F-16F7-4668-BE54-9A1E7A4F7556}") = "EcommerceSample.ConsoleApp", "src\EcommerceSample.Console\EcommerceSample.ConsoleApp.csproj", "{FE81E50A-62AD-4124-8239-BFA83524E07B}"
EndProject
Project("{9A19103F-16F7-4668-BE54-9A1E7A4F7556}") = "EcommerceSample.TimeSimulator", "src\EcommerceSample.TimeSimulator\EcommerceSample.TimeSimulator.csproj", "{E7EB1F06-74DE-4E75-898B-E6344CDA8FAF}"
EndProject
Project("{2150E333-8FDC-42A3-9474-1A3956D46DE8}") = "tests", "tests", "{01A254BD-2181-4E1C-A3EF-7F8E844A9A99}"
EndProject
Project("{9A19103F-16F7-4668-BE54-9A1E7A4F7556}") = "EcommerceSample.Data", "src\EcommerceSample.Data\EcommerceSample.Data.csproj", "{F38315F0-3CC2-479C-B112-3628ABE143DA}"
EndProject
Project("{2150E333-8FDC-42A3-9474-1A3956D46DE8}") = "CampaignManagement", "CampaignManagement", "{4F18224D-00CE-4F4B-9F32-C1D9DE5E7855}"
EndProject
Project("{9A19103F-16F7-4668-BE54-9A1E7A4F7556}") = "CampaignManagement.Core", "src\CampaignManagement\CampaignManagement.Core\CampaignManagement.Core.csproj", "{0480122E-756D-418D-BEDB-CEDCD716C12F}"
EndProject
Project("{9A19103F-16F7-4668-BE54-9A1E7A4F7556}") = "SharedKernel", "src\SharedKernel\SharedKernel.csproj", "{99D12F4D-F5D9-4D7E-A1BF-BE17556ECF6D}"
EndProject
Project("{2150E333-8FDC-42A3-9474-1A3956D46DE8}") = "ProductManagement", "ProductManagement", "{B08C62EA-0555-4803-B80E-82A22C582770}"
EndProject
Project("{9A19103F-16F7-4668-BE54-9A1E7A4F7556}") = "ProductManagement.Core", "src\ProductManagement\ProductManagement.Core\ProductManagement.Core.csproj", "{0FB325DD-57E8-45F2-AD93-64BA05F1FEA7}"
EndProject
Project("{2150E333-8FDC-42A3-9474-1A3956D46DE8}") = "OrderManagement", "OrderManagement", "{3BBE053E-8220-485B-86DA-AFDF4A99020D}"
EndProject
Project("{9A19103F-16F7-4668-BE54-9A1E7A4F7556}") = "OrderManagement.Core", "src\OrderManagement\OrderManagement.Core\OrderManagement.Core.csproj", "{FE5A252E-D1B6-442A-B899-80C79E994B5C}"
EndProject
Project("{2150E333-8FDC-42A3-9474-1A3956D46DE8}") = "ApplicationLayer", "ApplicationLayer", "{34C63AB2-44A3-4CA4-93D4-D572BF4C0CD4}"
EndProject
Project("{2150E333-8FDC-42A3-9474-1A3956D46DE8}") = "DomainLayer", "DomainLayer", "{B8C04478-B1D1-4862-B52C-BE45B5E17B2D}"
EndProject
Project("{2150E333-8FDC-42A3-9474-1A3956D46DE8}") = "Helpers", "Helpers", "{DFBEF65F-4BF8-4ED2-AFC3-3CEFC18FCF28}"
EndProject
Project("{9A19103F-16F7-4668-BE54-9A1E7A4F7556}") = "CommandHandlers", "src\Helpers\CommandHandlersStrategies\CommandHandlers.csproj", "{4EB5248D-7D01-4D44-B0B3-0410E20E8024}"
EndProject
Project("{9A19103F-16F7-4668-BE54-9A1E7A4F7556}") = "ApplicationServices", "src\ApplicationLayer\ApplicationServices\ApplicationServices.csproj", "{44825D27-6AE0-4181-9BFE-D2156DFF8C95}"
EndProject
Project("{FAE04EC0-301F-11D3-BF4B-00C04F79EFBC}") = "ValidationModule", "src\Helpers\ValidationModule\ValidationModule.csproj", "{AE7DFCB7-0B73-4385-AECD-CCF07FFDE0A1}"
EndProject
Project("{FAE04EC0-301F-11D3-BF4B-00C04F79EFBC}") = "EcommerceSample.Tests", "tests\EcommerceSample.Tests\EcommerceSample.Tests.csproj", "{C38DD8C5-CD16-47B5-B38C-E1CC9D644695}"
EndProject
Global
	GlobalSection(SolutionConfigurationPlatforms) = preSolution
		Debug|Any CPU = Debug|Any CPU
		Release|Any CPU = Release|Any CPU
	EndGlobalSection
	GlobalSection(ProjectConfigurationPlatforms) = postSolution
		{FE81E50A-62AD-4124-8239-BFA83524E07B}.Debug|Any CPU.ActiveCfg = Debug|Any CPU
		{FE81E50A-62AD-4124-8239-BFA83524E07B}.Debug|Any CPU.Build.0 = Debug|Any CPU
		{FE81E50A-62AD-4124-8239-BFA83524E07B}.Release|Any CPU.ActiveCfg = Release|Any CPU
		{FE81E50A-62AD-4124-8239-BFA83524E07B}.Release|Any CPU.Build.0 = Release|Any CPU
		{E7EB1F06-74DE-4E75-898B-E6344CDA8FAF}.Debug|Any CPU.ActiveCfg = Debug|Any CPU
		{E7EB1F06-74DE-4E75-898B-E6344CDA8FAF}.Debug|Any CPU.Build.0 = Debug|Any CPU
		{E7EB1F06-74DE-4E75-898B-E6344CDA8FAF}.Release|Any CPU.ActiveCfg = Release|Any CPU
		{E7EB1F06-74DE-4E75-898B-E6344CDA8FAF}.Release|Any CPU.Build.0 = Release|Any CPU
		{F38315F0-3CC2-479C-B112-3628ABE143DA}.Debug|Any CPU.ActiveCfg = Debug|Any CPU
		{F38315F0-3CC2-479C-B112-3628ABE143DA}.Debug|Any CPU.Build.0 = Debug|Any CPU
		{F38315F0-3CC2-479C-B112-3628ABE143DA}.Release|Any CPU.ActiveCfg = Release|Any CPU
		{F38315F0-3CC2-479C-B112-3628ABE143DA}.Release|Any CPU.Build.0 = Release|Any CPU
		{0480122E-756D-418D-BEDB-CEDCD716C12F}.Debug|Any CPU.ActiveCfg = Debug|Any CPU
		{0480122E-756D-418D-BEDB-CEDCD716C12F}.Debug|Any CPU.Build.0 = Debug|Any CPU
		{0480122E-756D-418D-BEDB-CEDCD716C12F}.Release|Any CPU.ActiveCfg = Release|Any CPU
		{0480122E-756D-418D-BEDB-CEDCD716C12F}.Release|Any CPU.Build.0 = Release|Any CPU
		{99D12F4D-F5D9-4D7E-A1BF-BE17556ECF6D}.Debug|Any CPU.ActiveCfg = Debug|Any CPU
		{99D12F4D-F5D9-4D7E-A1BF-BE17556ECF6D}.Debug|Any CPU.Build.0 = Debug|Any CPU
		{99D12F4D-F5D9-4D7E-A1BF-BE17556ECF6D}.Release|Any CPU.ActiveCfg = Release|Any CPU
		{99D12F4D-F5D9-4D7E-A1BF-BE17556ECF6D}.Release|Any CPU.Build.0 = Release|Any CPU
		{0FB325DD-57E8-45F2-AD93-64BA05F1FEA7}.Debug|Any CPU.ActiveCfg = Debug|Any CPU
		{0FB325DD-57E8-45F2-AD93-64BA05F1FEA7}.Debug|Any CPU.Build.0 = Debug|Any CPU
		{0FB325DD-57E8-45F2-AD93-64BA05F1FEA7}.Release|Any CPU.ActiveCfg = Release|Any CPU
		{0FB325DD-57E8-45F2-AD93-64BA05F1FEA7}.Release|Any CPU.Build.0 = Release|Any CPU
		{FE5A252E-D1B6-442A-B899-80C79E994B5C}.Debug|Any CPU.ActiveCfg = Debug|Any CPU
		{FE5A252E-D1B6-442A-B899-80C79E994B5C}.Debug|Any CPU.Build.0 = Debug|Any CPU
		{FE5A252E-D1B6-442A-B899-80C79E994B5C}.Release|Any CPU.ActiveCfg = Release|Any CPU
		{FE5A252E-D1B6-442A-B899-80C79E994B5C}.Release|Any CPU.Build.0 = Release|Any CPU
		{4EB5248D-7D01-4D44-B0B3-0410E20E8024}.Debug|Any CPU.ActiveCfg = Debug|Any CPU
		{4EB5248D-7D01-4D44-B0B3-0410E20E8024}.Debug|Any CPU.Build.0 = Debug|Any CPU
		{4EB5248D-7D01-4D44-B0B3-0410E20E8024}.Release|Any CPU.ActiveCfg = Release|Any CPU
		{4EB5248D-7D01-4D44-B0B3-0410E20E8024}.Release|Any CPU.Build.0 = Release|Any CPU
		{44825D27-6AE0-4181-9BFE-D2156DFF8C95}.Debug|Any CPU.ActiveCfg = Debug|Any CPU
		{44825D27-6AE0-4181-9BFE-D2156DFF8C95}.Debug|Any CPU.Build.0 = Debug|Any CPU
		{44825D27-6AE0-4181-9BFE-D2156DFF8C95}.Release|Any CPU.ActiveCfg = Release|Any CPU
		{44825D27-6AE0-4181-9BFE-D2156DFF8C95}.Release|Any CPU.Build.0 = Release|Any CPU
		{AE7DFCB7-0B73-4385-AECD-CCF07FFDE0A1}.Debug|Any CPU.ActiveCfg = Debug|Any CPU
		{AE7DFCB7-0B73-4385-AECD-CCF07FFDE0A1}.Debug|Any CPU.Build.0 = Debug|Any CPU
		{AE7DFCB7-0B73-4385-AECD-CCF07FFDE0A1}.Release|Any CPU.ActiveCfg = Release|Any CPU
		{AE7DFCB7-0B73-4385-AECD-CCF07FFDE0A1}.Release|Any CPU.Build.0 = Release|Any CPU
		{C38DD8C5-CD16-47B5-B38C-E1CC9D644695}.Debug|Any CPU.ActiveCfg = Debug|Any CPU
		{C38DD8C5-CD16-47B5-B38C-E1CC9D644695}.Debug|Any CPU.Build.0 = Debug|Any CPU
		{C38DD8C5-CD16-47B5-B38C-E1CC9D644695}.Release|Any CPU.ActiveCfg = Release|Any CPU
		{C38DD8C5-CD16-47B5-B38C-E1CC9D644695}.Release|Any CPU.Build.0 = Release|Any CPU
	EndGlobalSection
	GlobalSection(SolutionProperties) = preSolution
		HideSolutionNode = FALSE
	EndGlobalSection
	GlobalSection(NestedProjects) = preSolution
		{FE81E50A-62AD-4124-8239-BFA83524E07B} = {0B7E8897-6367-4A59-8A19-AAC08633018E}
		{E7EB1F06-74DE-4E75-898B-E6344CDA8FAF} = {DFBEF65F-4BF8-4ED2-AFC3-3CEFC18FCF28}
		{F38315F0-3CC2-479C-B112-3628ABE143DA} = {0B7E8897-6367-4A59-8A19-AAC08633018E}
		{4F18224D-00CE-4F4B-9F32-C1D9DE5E7855} = {B8C04478-B1D1-4862-B52C-BE45B5E17B2D}
		{0480122E-756D-418D-BEDB-CEDCD716C12F} = {4F18224D-00CE-4F4B-9F32-C1D9DE5E7855}
		{99D12F4D-F5D9-4D7E-A1BF-BE17556ECF6D} = {DFBEF65F-4BF8-4ED2-AFC3-3CEFC18FCF28}
		{B08C62EA-0555-4803-B80E-82A22C582770} = {B8C04478-B1D1-4862-B52C-BE45B5E17B2D}
		{0FB325DD-57E8-45F2-AD93-64BA05F1FEA7} = {B08C62EA-0555-4803-B80E-82A22C582770}
		{3BBE053E-8220-485B-86DA-AFDF4A99020D} = {B8C04478-B1D1-4862-B52C-BE45B5E17B2D}
		{FE5A252E-D1B6-442A-B899-80C79E994B5C} = {3BBE053E-8220-485B-86DA-AFDF4A99020D}
		{34C63AB2-44A3-4CA4-93D4-D572BF4C0CD4} = {0B7E8897-6367-4A59-8A19-AAC08633018E}
		{B8C04478-B1D1-4862-B52C-BE45B5E17B2D} = {0B7E8897-6367-4A59-8A19-AAC08633018E}
		{DFBEF65F-4BF8-4ED2-AFC3-3CEFC18FCF28} = {0B7E8897-6367-4A59-8A19-AAC08633018E}
		{4EB5248D-7D01-4D44-B0B3-0410E20E8024} = {DFBEF65F-4BF8-4ED2-AFC3-3CEFC18FCF28}
		{44825D27-6AE0-4181-9BFE-D2156DFF8C95} = {34C63AB2-44A3-4CA4-93D4-D572BF4C0CD4}
		{AE7DFCB7-0B73-4385-AECD-CCF07FFDE0A1} = {DFBEF65F-4BF8-4ED2-AFC3-3CEFC18FCF28}
		{C38DD8C5-CD16-47B5-B38C-E1CC9D644695} = {01A254BD-2181-4E1C-A3EF-7F8E844A9A99}
	EndGlobalSection
	GlobalSection(ExtensibilityGlobals) = postSolution
		SolutionGuid = {427F2BB7-1207-401D-A0DF-32C093B270AB}
	EndGlobalSection
EndGlobal
